[{<<"color">>,
  {git,"https://github.com/julianduque/erlang-color.git",
       {ref,"a83c98a8ec5679626799446ddb29668044e20e30"}},
  0},
 {<<"erlzk">>,
  {git,"git://github.com/huaban/erlzk.git",
       {ref,"08a20fb3eeb573775c16847b79247227255729ef"}},
  0},
 {<<"proper">>,{pkg,<<"proper">>,<<"1.1.1-beta">>},0}].
