[{<<"color">>,
  {git,"https://github.com/julianduque/erlang-color.git",
       {ref,"a83c98a8ec5679626799446ddb29668044e20e30"}},
  0},
 {<<"erlzk">>,
  {git,"git://github.com/huaban/erlzk.git",
       {ref,"08a20fb3eeb573775c16847b79247227255729ef"}},
  0},
 {<<"goldrush">>,
  {git,"git://github.com/DeadZen/goldrush.git",
       {ref,"212299233c7e7eb63a97be2777e1c05ebaa58dbe"}},
  1},
 {<<"hamcrest">>,{pkg,<<"hamcrest">>,<<"0.1.1">>},2},
 {<<"lager">>,
  {git,"https://github.com/basho/lager",
       {ref,"b2cb2735713e3021e0761623ff595d53a545438e"}},
  0},
 {<<"proper">>,{pkg,<<"proper">>,<<"1.1.1-beta">>},0},
 {<<"protobuffs">>,{pkg,<<"protobuffs">>,<<"0.8.2">>},2},
 {<<"riak_pb">>,{pkg,<<"riak_pb">>,<<"2.1.0">>},1},
 {<<"riakc">>,{pkg,<<"riakc">>,<<"2.1.1">>},0}].
